
Microsoft Visual Studio Solution File, Format Version 12.00
# Visual Studio 15
VisualStudioVersion = 15.0.27004.2009
MinimumVisualStudioVersion = 10.0.40219.1
Project("{D954291E-2A0B-460D-934E-DC6B0785DB48}") = "ADSFieldEntry", "ADSFieldEntry\ADSFieldEntry\ADSFieldEntry.shproj", "{0E36B394-0EDE-4C86-9522-D7E859DEDE28}"
EndProject
Project("{FAE04EC0-301F-11D3-BF4B-00C04F79EFBC}") = "ADSFieldEntry.Android", "ADSFieldEntry\ADSFieldEntry.Android\ADSFieldEntry.Android.csproj", "{6BD75711-4681-466E-AE8E-BB7D29B0A9F3}"
EndProject
Project("{FAE04EC0-301F-11D3-BF4B-00C04F79EFBC}") = "ADSFieldEntry.iOS", "ADSFieldEntry\ADSFieldEntry.iOS\ADSFieldEntry.iOS.csproj", "{302305D0-48E6-4FB1-8F0F-219CCBA73440}"
EndProject
Project("{FAE04EC0-301F-11D3-BF4B-00C04F79EFBC}") = "ADSFieldEntry.UWP", "ADSFieldEntry\ADSFieldEntry.UWP\ADSFieldEntry.UWP.csproj", "{B0EA2ED7-29C8-41E1-AA62-EB2755755EF3}"
EndProject
Global
	GlobalSection(SharedMSBuildProjectFiles) = preSolution
		ADSFieldEntry\ADSFieldEntry\ADSFieldEntry.projitems*{0e36b394-0ede-4c86-9522-d7e859dede28}*SharedItemsImports = 13
		ADSFieldEntry\ADSFieldEntry\ADSFieldEntry.projitems*{302305d0-48e6-4fb1-8f0f-219ccba73440}*SharedItemsImports = 4
		ADSFieldEntry\ADSFieldEntry\ADSFieldEntry.projitems*{6bd75711-4681-466e-ae8e-bb7d29b0a9f3}*SharedItemsImports = 4
		ADSFieldEntry\ADSFieldEntry\ADSFieldEntry.projitems*{b0ea2ed7-29c8-41e1-aa62-eb2755755ef3}*SharedItemsImports = 4
	EndGlobalSection
	GlobalSection(SolutionConfigurationPlatforms) = preSolution
		Ad-Hoc|Any CPU = Ad-Hoc|Any CPU
		Ad-Hoc|ARM = Ad-Hoc|ARM
		Ad-Hoc|iPhone = Ad-Hoc|iPhone
		Ad-Hoc|iPhoneSimulator = Ad-Hoc|iPhoneSimulator
		Ad-Hoc|x64 = Ad-Hoc|x64
		Ad-Hoc|x86 = Ad-Hoc|x86
		AppStore|Any CPU = AppStore|Any CPU
		AppStore|ARM = AppStore|ARM
		AppStore|iPhone = AppStore|iPhone
		AppStore|iPhoneSimulator = AppStore|iPhoneSimulator
		AppStore|x64 = AppStore|x64
		AppStore|x86 = AppStore|x86
		Debug|Any CPU = Debug|Any CPU
		Debug|ARM = Debug|ARM
		Debug|iPhone = Debug|iPhone
		Debug|iPhoneSimulator = Debug|iPhoneSimulator
		Debug|x64 = Debug|x64
		Debug|x86 = Debug|x86
		Release|Any CPU = Release|Any CPU
		Release|ARM = Release|ARM
		Release|iPhone = Release|iPhone
		Release|iPhoneSimulator = Release|iPhoneSimulator
		Release|x64 = Release|x64
		Release|x86 = Release|x86
	EndGlobalSection
	GlobalSection(ProjectConfigurationPlatforms) = postSolution
		{6BD75711-4681-466E-AE8E-BB7D29B0A9F3}.Ad-Hoc|Any CPU.ActiveCfg = Release|Any CPU
		{6BD75711-4681-466E-AE8E-BB7D29B0A9F3}.Ad-Hoc|Any CPU.Build.0 = Release|Any CPU
		{6BD75711-4681-466E-AE8E-BB7D29B0A9F3}.Ad-Hoc|Any CPU.Deploy.0 = Release|Any CPU
		{6BD75711-4681-466E-AE8E-BB7D29B0A9F3}.Ad-Hoc|ARM.ActiveCfg = Release|Any CPU
		{6BD75711-4681-466E-AE8E-BB7D29B0A9F3}.Ad-Hoc|ARM.Build.0 = Release|Any CPU
		{6BD75711-4681-466E-AE8E-BB7D29B0A9F3}.Ad-Hoc|ARM.Deploy.0 = Release|Any CPU
		{6BD75711-4681-466E-AE8E-BB7D29B0A9F3}.Ad-Hoc|iPhone.ActiveCfg = Release|Any CPU
		{6BD75711-4681-466E-AE8E-BB7D29B0A9F3}.Ad-Hoc|iPhone.Build.0 = Release|Any CPU
		{6BD75711-4681-466E-AE8E-BB7D29B0A9F3}.Ad-Hoc|iPhone.Deploy.0 = Release|Any CPU
		{6BD75711-4681-466E-AE8E-BB7D29B0A9F3}.Ad-Hoc|iPhoneSimulator.ActiveCfg = Release|Any CPU
		{6BD75711-4681-466E-AE8E-BB7D29B0A9F3}.Ad-Hoc|iPhoneSimulator.Build.0 = Release|Any CPU
		{6BD75711-4681-466E-AE8E-BB7D29B0A9F3}.Ad-Hoc|iPhoneSimulator.Deploy.0 = Release|Any CPU
		{6BD75711-4681-466E-AE8E-BB7D29B0A9F3}.Ad-Hoc|x64.ActiveCfg = Release|Any CPU
		{6BD75711-4681-466E-AE8E-BB7D29B0A9F3}.Ad-Hoc|x64.Build.0 = Release|Any CPU
		{6BD75711-4681-466E-AE8E-BB7D29B0A9F3}.Ad-Hoc|x64.Deploy.0 = Release|Any CPU
		{6BD75711-4681-466E-AE8E-BB7D29B0A9F3}.Ad-Hoc|x86.ActiveCfg = Release|Any CPU
		{6BD75711-4681-466E-AE8E-BB7D29B0A9F3}.Ad-Hoc|x86.Build.0 = Release|Any CPU
		{6BD75711-4681-466E-AE8E-BB7D29B0A9F3}.Ad-Hoc|x86.Deploy.0 = Release|Any CPU
		{6BD75711-4681-466E-AE8E-BB7D29B0A9F3}.AppStore|Any CPU.ActiveCfg = Release|Any CPU
		{6BD75711-4681-466E-AE8E-BB7D29B0A9F3}.AppStore|Any CPU.Build.0 = Release|Any CPU
		{6BD75711-4681-466E-AE8E-BB7D29B0A9F3}.AppStore|Any CPU.Deploy.0 = Release|Any CPU
		{6BD75711-4681-466E-AE8E-BB7D29B0A9F3}.AppStore|ARM.ActiveCfg = Release|Any CPU
		{6BD75711-4681-466E-AE8E-BB7D29B0A9F3}.AppStore|ARM.Build.0 = Release|Any CPU
		{6BD75711-4681-466E-AE8E-BB7D29B0A9F3}.AppStore|ARM.Deploy.0 = Release|Any CPU
		{6BD75711-4681-466E-AE8E-BB7D29B0A9F3}.AppStore|iPhone.ActiveCfg = Release|Any CPU
		{6BD75711-4681-466E-AE8E-BB7D29B0A9F3}.AppStore|iPhone.Build.0 = Release|Any CPU
		{6BD75711-4681-466E-AE8E-BB7D29B0A9F3}.AppStore|iPhone.Deploy.0 = Release|Any CPU
		{6BD75711-4681-466E-AE8E-BB7D29B0A9F3}.AppStore|iPhoneSimulator.ActiveCfg = Release|Any CPU
		{6BD75711-4681-466E-AE8E-BB7D29B0A9F3}.AppStore|iPhoneSimulator.Build.0 = Release|Any CPU
		{6BD75711-4681-466E-AE8E-BB7D29B0A9F3}.AppStore|iPhoneSimulator.Deploy.0 = Release|Any CPU
		{6BD75711-4681-466E-AE8E-BB7D29B0A9F3}.AppStore|x64.ActiveCfg = Release|Any CPU
		{6BD75711-4681-466E-AE8E-BB7D29B0A9F3}.AppStore|x64.Build.0 = Release|Any CPU
		{6BD75711-4681-466E-AE8E-BB7D29B0A9F3}.AppStore|x64.Deploy.0 = Release|Any CPU
		{6BD75711-4681-466E-AE8E-BB7D29B0A9F3}.AppStore|x86.ActiveCfg = Release|Any CPU
		{6BD75711-4681-466E-AE8E-BB7D29B0A9F3}.AppStore|x86.Build.0 = Release|Any CPU
		{6BD75711-4681-466E-AE8E-BB7D29B0A9F3}.AppStore|x86.Deploy.0 = Release|Any CPU
		{6BD75711-4681-466E-AE8E-BB7D29B0A9F3}.Debug|Any CPU.ActiveCfg = Debug|Any CPU
		{6BD75711-4681-466E-AE8E-BB7D29B0A9F3}.Debug|Any CPU.Build.0 = Debug|Any CPU
		{6BD75711-4681-466E-AE8E-BB7D29B0A9F3}.Debug|Any CPU.Deploy.0 = Debug|Any CPU
		{6BD75711-4681-466E-AE8E-BB7D29B0A9F3}.Debug|ARM.ActiveCfg = Debug|Any CPU
		{6BD75711-4681-466E-AE8E-BB7D29B0A9F3}.Debug|ARM.Build.0 = Debug|Any CPU
		{6BD75711-4681-466E-AE8E-BB7D29B0A9F3}.Debug|ARM.Deploy.0 = Debug|Any CPU
		{6BD75711-4681-466E-AE8E-BB7D29B0A9F3}.Debug|iPhone.ActiveCfg = Debug|Any CPU
		{6BD75711-4681-466E-AE8E-BB7D29B0A9F3}.Debug|iPhone.Build.0 = Debug|Any CPU
		{6BD75711-4681-466E-AE8E-BB7D29B0A9F3}.Debug|iPhone.Deploy.0 = Debug|Any CPU
		{6BD75711-4681-466E-AE8E-BB7D29B0A9F3}.Debug|iPhoneSimulator.ActiveCfg = Debug|Any CPU
		{6BD75711-4681-466E-AE8E-BB7D29B0A9F3}.Debug|iPhoneSimulator.Build.0 = Debug|Any CPU
		{6BD75711-4681-466E-AE8E-BB7D29B0A9F3}.Debug|iPhoneSimulator.Deploy.0 = Debug|Any CPU
		{6BD75711-4681-466E-AE8E-BB7D29B0A9F3}.Debug|x64.ActiveCfg = Debug|Any CPU
		{6BD75711-4681-466E-AE8E-BB7D29B0A9F3}.Debug|x64.Build.0 = Debug|Any CPU
		{6BD75711-4681-466E-AE8E-BB7D29B0A9F3}.Debug|x64.Deploy.0 = Debug|Any CPU
		{6BD75711-4681-466E-AE8E-BB7D29B0A9F3}.Debug|x86.ActiveCfg = Debug|Any CPU
		{6BD75711-4681-466E-AE8E-BB7D29B0A9F3}.Debug|x86.Build.0 = Debug|Any CPU
		{6BD75711-4681-466E-AE8E-BB7D29B0A9F3}.Debug|x86.Deploy.0 = Debug|Any CPU
		{6BD75711-4681-466E-AE8E-BB7D29B0A9F3}.Release|Any CPU.ActiveCfg = Release|Any CPU
		{6BD75711-4681-466E-AE8E-BB7D29B0A9F3}.Release|Any CPU.Build.0 = Release|Any CPU
		{6BD75711-4681-466E-AE8E-BB7D29B0A9F3}.Release|Any CPU.Deploy.0 = Release|Any CPU
		{6BD75711-4681-466E-AE8E-BB7D29B0A9F3}.Release|ARM.ActiveCfg = Release|Any CPU
		{6BD75711-4681-466E-AE8E-BB7D29B0A9F3}.Release|ARM.Build.0 = Release|Any CPU
		{6BD75711-4681-466E-AE8E-BB7D29B0A9F3}.Release|ARM.Deploy.0 = Release|Any CPU
		{6BD75711-4681-466E-AE8E-BB7D29B0A9F3}.Release|iPhone.ActiveCfg = Release|Any CPU
		{6BD75711-4681-466E-AE8E-BB7D29B0A9F3}.Release|iPhone.Build.0 = Release|Any CPU
		{6BD75711-4681-466E-AE8E-BB7D29B0A9F3}.Release|iPhone.Deploy.0 = Release|Any CPU
		{6BD75711-4681-466E-AE8E-BB7D29B0A9F3}.Release|iPhoneSimulator.ActiveCfg = Release|Any CPU
		{6BD75711-4681-466E-AE8E-BB7D29B0A9F3}.Release|iPhoneSimulator.Build.0 = Release|Any CPU
		{6BD75711-4681-466E-AE8E-BB7D29B0A9F3}.Release|iPhoneSimulator.Deploy.0 = Release|Any CPU
		{6BD75711-4681-466E-AE8E-BB7D29B0A9F3}.Release|x64.ActiveCfg = Release|Any CPU
		{6BD75711-4681-466E-AE8E-BB7D29B0A9F3}.Release|x64.Build.0 = Release|Any CPU
		{6BD75711-4681-466E-AE8E-BB7D29B0A9F3}.Release|x64.Deploy.0 = Release|Any CPU
		{6BD75711-4681-466E-AE8E-BB7D29B0A9F3}.Release|x86.ActiveCfg = Release|Any CPU
		{6BD75711-4681-466E-AE8E-BB7D29B0A9F3}.Release|x86.Build.0 = Release|Any CPU
		{6BD75711-4681-466E-AE8E-BB7D29B0A9F3}.Release|x86.Deploy.0 = Release|Any CPU
		{302305D0-48E6-4FB1-8F0F-219CCBA73440}.Ad-Hoc|Any CPU.ActiveCfg = Ad-Hoc|iPhoneSimulator
		{302305D0-48E6-4FB1-8F0F-219CCBA73440}.Ad-Hoc|ARM.ActiveCfg = Ad-Hoc|iPhone
		{302305D0-48E6-4FB1-8F0F-219CCBA73440}.Ad-Hoc|iPhone.ActiveCfg = Ad-Hoc|iPhone
		{302305D0-48E6-4FB1-8F0F-219CCBA73440}.Ad-Hoc|iPhone.Build.0 = Ad-Hoc|iPhone
		{302305D0-48E6-4FB1-8F0F-219CCBA73440}.Ad-Hoc|iPhoneSimulator.ActiveCfg = Ad-Hoc|iPhoneSimulator
		{302305D0-48E6-4FB1-8F0F-219CCBA73440}.Ad-Hoc|iPhoneSimulator.Build.0 = Ad-Hoc|iPhoneSimulator
		{302305D0-48E6-4FB1-8F0F-219CCBA73440}.Ad-Hoc|x64.ActiveCfg = Ad-Hoc|iPhone
		{302305D0-48E6-4FB1-8F0F-219CCBA73440}.Ad-Hoc|x86.ActiveCfg = Ad-Hoc|iPhone
		{302305D0-48E6-4FB1-8F0F-219CCBA73440}.AppStore|Any CPU.ActiveCfg = AppStore|iPhoneSimulator
		{302305D0-48E6-4FB1-8F0F-219CCBA73440}.AppStore|ARM.ActiveCfg = AppStore|iPhone
		{302305D0-48E6-4FB1-8F0F-219CCBA73440}.AppStore|iPhone.ActiveCfg = AppStore|iPhone
		{302305D0-48E6-4FB1-8F0F-219CCBA73440}.AppStore|iPhone.Build.0 = AppStore|iPhone
		{302305D0-48E6-4FB1-8F0F-219CCBA73440}.AppStore|iPhoneSimulator.ActiveCfg = AppStore|iPhoneSimulator
		{302305D0-48E6-4FB1-8F0F-219CCBA73440}.AppStore|iPhoneSimulator.Build.0 = AppStore|iPhoneSimulator
		{302305D0-48E6-4FB1-8F0F-219CCBA73440}.AppStore|x64.ActiveCfg = AppStore|iPhone
		{302305D0-48E6-4FB1-8F0F-219CCBA73440}.AppStore|x86.ActiveCfg = AppStore|iPhone
		{302305D0-48E6-4FB1-8F0F-219CCBA73440}.Debug|Any CPU.ActiveCfg = Debug|iPhoneSimulator
		{302305D0-48E6-4FB1-8F0F-219CCBA73440}.Debug|ARM.ActiveCfg = Debug|iPhone
		{302305D0-48E6-4FB1-8F0F-219CCBA73440}.Debug|iPhone.ActiveCfg = Debug|iPhone
		{302305D0-48E6-4FB1-8F0F-219CCBA73440}.Debug|iPhone.Build.0 = Debug|iPhone
		{302305D0-48E6-4FB1-8F0F-219CCBA73440}.Debug|iPhoneSimulator.ActiveCfg = Debug|iPhoneSimulator
		{302305D0-48E6-4FB1-8F0F-219CCBA73440}.Debug|iPhoneSimulator.Build.0 = Debug|iPhoneSimulator
		{302305D0-48E6-4FB1-8F0F-219CCBA73440}.Debug|x64.ActiveCfg = Debug|iPhone
		{302305D0-48E6-4FB1-8F0F-219CCBA73440}.Debug|x86.ActiveCfg = Debug|iPhone
		{302305D0-48E6-4FB1-8F0F-219CCBA73440}.Release|Any CPU.ActiveCfg = Release|iPhoneSimulator
		{302305D0-48E6-4FB1-8F0F-219CCBA73440}.Release|ARM.ActiveCfg = Release|iPhone
		{302305D0-48E6-4FB1-8F0F-219CCBA73440}.Release|iPhone.ActiveCfg = Release|iPhone
		{302305D0-48E6-4FB1-8F0F-219CCBA73440}.Release|iPhone.Build.0 = Release|iPhone
		{302305D0-48E6-4FB1-8F0F-219CCBA73440}.Release|iPhoneSimulator.ActiveCfg = Release|iPhoneSimulator
		{302305D0-48E6-4FB1-8F0F-219CCBA73440}.Release|iPhoneSimulator.Build.0 = Release|iPhoneSimulator
		{302305D0-48E6-4FB1-8F0F-219CCBA73440}.Release|x64.ActiveCfg = Release|iPhone
		{302305D0-48E6-4FB1-8F0F-219CCBA73440}.Release|x86.ActiveCfg = Release|iPhone
		{B0EA2ED7-29C8-41E1-AA62-EB2755755EF3}.Ad-Hoc|Any CPU.ActiveCfg = Release|x86
		{B0EA2ED7-29C8-41E1-AA62-EB2755755EF3}.Ad-Hoc|Any CPU.Build.0 = Release|x86
		{B0EA2ED7-29C8-41E1-AA62-EB2755755EF3}.Ad-Hoc|Any CPU.Deploy.0 = Release|x86
		{B0EA2ED7-29C8-41E1-AA62-EB2755755EF3}.Ad-Hoc|ARM.ActiveCfg = Release|ARM
		{B0EA2ED7-29C8-41E1-AA62-EB2755755EF3}.Ad-Hoc|ARM.Build.0 = Release|ARM
		{B0EA2ED7-29C8-41E1-AA62-EB2755755EF3}.Ad-Hoc|ARM.Deploy.0 = Release|ARM
		{B0EA2ED7-29C8-41E1-AA62-EB2755755EF3}.Ad-Hoc|iPhone.ActiveCfg = Release|x86
		{B0EA2ED7-29C8-41E1-AA62-EB2755755EF3}.Ad-Hoc|iPhone.Build.0 = Release|x86
		{B0EA2ED7-29C8-41E1-AA62-EB2755755EF3}.Ad-Hoc|iPhone.Deploy.0 = Release|x86
		{B0EA2ED7-29C8-41E1-AA62-EB2755755EF3}.Ad-Hoc|iPhoneSimulator.ActiveCfg = Release|x86
		{B0EA2ED7-29C8-41E1-AA62-EB2755755EF3}.Ad-Hoc|iPhoneSimulator.Build.0 = Release|x86
		{B0EA2ED7-29C8-41E1-AA62-EB2755755EF3}.Ad-Hoc|iPhoneSimulator.Deploy.0 = Release|x86
		{B0EA2ED7-29C8-41E1-AA62-EB2755755EF3}.Ad-Hoc|x64.ActiveCfg = Release|x64
		{B0EA2ED7-29C8-41E1-AA62-EB2755755EF3}.Ad-Hoc|x64.Build.0 = Release|x64
		{B0EA2ED7-29C8-41E1-AA62-EB2755755EF3}.Ad-Hoc|x64.Deploy.0 = Release|x64
		{B0EA2ED7-29C8-41E1-AA62-EB2755755EF3}.Ad-Hoc|x86.ActiveCfg = Release|x86
		{B0EA2ED7-29C8-41E1-AA62-EB2755755EF3}.Ad-Hoc|x86.Build.0 = Release|x86
		{B0EA2ED7-29C8-41E1-AA62-EB2755755EF3}.Ad-Hoc|x86.Deploy.0 = Release|x86
		{B0EA2ED7-29C8-41E1-AA62-EB2755755EF3}.AppStore|Any CPU.ActiveCfg = Release|x86
		{B0EA2ED7-29C8-41E1-AA62-EB2755755EF3}.AppStore|Any CPU.Build.0 = Release|x86
		{B0EA2ED7-29C8-41E1-AA62-EB2755755EF3}.AppStore|Any CPU.Deploy.0 = Release|x86
		{B0EA2ED7-29C8-41E1-AA62-EB2755755EF3}.AppStore|ARM.ActiveCfg = Release|ARM
		{B0EA2ED7-29C8-41E1-AA62-EB2755755EF3}.AppStore|ARM.Build.0 = Release|ARM
		{B0EA2ED7-29C8-41E1-AA62-EB2755755EF3}.AppStore|ARM.Deploy.0 = Release|ARM
		{B0EA2ED7-29C8-41E1-AA62-EB2755755EF3}.AppStore|iPhone.ActiveCfg = Release|x86
		{B0EA2ED7-29C8-41E1-AA62-EB2755755EF3}.AppStore|iPhone.Build.0 = Release|x86
		{B0EA2ED7-29C8-41E1-AA62-EB2755755EF3}.AppStore|iPhone.Deploy.0 = Release|x86
		{B0EA2ED7-29C8-41E1-AA62-EB2755755EF3}.AppStore|iPhoneSimulator.ActiveCfg = Release|x86
		{B0EA2ED7-29C8-41E1-AA62-EB2755755EF3}.AppStore|iPhoneSimulator.Build.0 = Release|x86
		{B0EA2ED7-29C8-41E1-AA62-EB2755755EF3}.AppStore|iPhoneSimulator.Deploy.0 = Release|x86
		{B0EA2ED7-29C8-41E1-AA62-EB2755755EF3}.AppStore|x64.ActiveCfg = Release|x64
		{B0EA2ED7-29C8-41E1-AA62-EB2755755EF3}.AppStore|x64.Build.0 = Release|x64
		{B0EA2ED7-29C8-41E1-AA62-EB2755755EF3}.AppStore|x64.Deploy.0 = Release|x64
		{B0EA2ED7-29C8-41E1-AA62-EB2755755EF3}.AppStore|x86.ActiveCfg = Release|x86
		{B0EA2ED7-29C8-41E1-AA62-EB2755755EF3}.AppStore|x86.Build.0 = Release|x86
		{B0EA2ED7-29C8-41E1-AA62-EB2755755EF3}.AppStore|x86.Deploy.0 = Release|x86
		{B0EA2ED7-29C8-41E1-AA62-EB2755755EF3}.Debug|Any CPU.ActiveCfg = Debug|x86
		{B0EA2ED7-29C8-41E1-AA62-EB2755755EF3}.Debug|ARM.ActiveCfg = Debug|ARM
		{B0EA2ED7-29C8-41E1-AA62-EB2755755EF3}.Debug|ARM.Build.0 = Debug|ARM
		{B0EA2ED7-29C8-41E1-AA62-EB2755755EF3}.Debug|ARM.Deploy.0 = Debug|ARM
		{B0EA2ED7-29C8-41E1-AA62-EB2755755EF3}.Debug|iPhone.ActiveCfg = Debug|x86
		{B0EA2ED7-29C8-41E1-AA62-EB2755755EF3}.Debug|iPhoneSimulator.ActiveCfg = Debug|x86
		{B0EA2ED7-29C8-41E1-AA62-EB2755755EF3}.Debug|x64.ActiveCfg = Debug|x64
		{B0EA2ED7-29C8-41E1-AA62-EB2755755EF3}.Debug|x64.Build.0 = Debug|x64
		{B0EA2ED7-29C8-41E1-AA62-EB2755755EF3}.Debug|x64.Deploy.0 = Debug|x64
		{B0EA2ED7-29C8-41E1-AA62-EB2755755EF3}.Debug|x86.ActiveCfg = Debug|x86
		{B0EA2ED7-29C8-41E1-AA62-EB2755755EF3}.Debug|x86.Build.0 = Debug|x86
		{B0EA2ED7-29C8-41E1-AA62-EB2755755EF3}.Debug|x86.Deploy.0 = Debug|x86
		{B0EA2ED7-29C8-41E1-AA62-EB2755755EF3}.Release|Any CPU.ActiveCfg = Release|x86
		{B0EA2ED7-29C8-41E1-AA62-EB2755755EF3}.Release|ARM.ActiveCfg = Release|ARM
		{B0EA2ED7-29C8-41E1-AA62-EB2755755EF3}.Release|ARM.Build.0 = Release|ARM
		{B0EA2ED7-29C8-41E1-AA62-EB2755755EF3}.Release|ARM.Deploy.0 = Release|ARM
		{B0EA2ED7-29C8-41E1-AA62-EB2755755EF3}.Release|iPhone.ActiveCfg = Release|x86
		{B0EA2ED7-29C8-41E1-AA62-EB2755755EF3}.Release|iPhoneSimulator.ActiveCfg = Release|x86
		{B0EA2ED7-29C8-41E1-AA62-EB2755755EF3}.Release|x64.ActiveCfg = Release|x64
		{B0EA2ED7-29C8-41E1-AA62-EB2755755EF3}.Release|x64.Build.0 = Release|x64
		{B0EA2ED7-29C8-41E1-AA62-EB2755755EF3}.Release|x64.Deploy.0 = Release|x64
		{B0EA2ED7-29C8-41E1-AA62-EB2755755EF3}.Release|x86.ActiveCfg = Release|x86
		{B0EA2ED7-29C8-41E1-AA62-EB2755755EF3}.Release|x86.Build.0 = Release|x86
		{B0EA2ED7-29C8-41E1-AA62-EB2755755EF3}.Release|x86.Deploy.0 = Release|x86
	EndGlobalSection
	GlobalSection(SolutionProperties) = preSolution
		HideSolutionNode = FALSE
	EndGlobalSection
	GlobalSection(ExtensibilityGlobals) = postSolution
		SolutionGuid = {FD5CFC1A-6904-4788-B0A7-B29DA882BCDE}
	EndGlobalSection
EndGlobal
